
Microsoft Visual Studio Solution File, Format Version 12.00
# Visual Studio Version 17
VisualStudioVersion = 17.0.31903.59
MinimumVisualStudioVersion = 10.0.40219.1
Project("{2150E333-8FDC-42A3-9474-1A3956D46DE8}") = "apps", "apps", "{1787FE1D-075E-9E68-7218-25F1BD1BBEAB}"
EndProject
Project("{2150E333-8FDC-42A3-9474-1A3956D46DE8}") = "api", "api", "{BC2D172B-13BC-136C-CDB1-4B1A687208C4}"
EndProject
Project("{FAE04EC0-301F-11D3-BF4B-00C04F79EFBC}") = "GrowLab.Api", "apps\api\GrowLab.Api\GrowLab.Api.csproj", "{EACEF7BE-F871-4657-BB70-FD6F8A7C2991}"
EndProject
Project("{FAE04EC0-301F-11D3-BF4B-00C04F79EFBC}") = "GrowLab.Application", "apps\api\GrowLab.Application\GrowLab.Application.csproj", "{E505C208-316A-4FBE-8682-B67368762A80}"
EndProject
Project("{FAE04EC0-301F-11D3-BF4B-00C04F79EFBC}") = "GrowLab.Domain", "apps\api\GrowLab.Domain\GrowLab.Domain.csproj", "{EB9D2AEF-E244-45EE-842B-725FE9F4E789}"
EndProject
Project("{FAE04EC0-301F-11D3-BF4B-00C04F79EFBC}") = "GrowLab.Infrastructure", "apps\api\GrowLab.Infrastructure\GrowLab.Infrastructure.csproj", "{7E68BFB2-DEC7-4C95-A768-8372E7DD3E83}"
EndProject
Project("{2150E333-8FDC-42A3-9474-1A3956D46DE8}") = "worker", "worker", "{82AC7ADD-723F-E433-2729-6F05EB21E721}"
EndProject
Project("{FAE04EC0-301F-11D3-BF4B-00C04F79EFBC}") = "GrowLab.Worker", "apps\worker\GrowLab.Worker\GrowLab.Worker.csproj", "{EBD6E115-7F0B-4AA8-8637-6A6D330E271F}"
EndProject
Project("{2150E333-8FDC-42A3-9474-1A3956D46DE8}") = "packages", "packages", "{809F86A1-1C4C-B159-0CD4-DF9D33D876CE}"
EndProject
Project("{2150E333-8FDC-42A3-9474-1A3956D46DE8}") = "contracts", "contracts", "{3024F0A4-8109-3CD3-0347-46F4E6C63FD7}"
EndProject
Project("{FAE04EC0-301F-11D3-BF4B-00C04F79EFBC}") = "GrowLab.Contracts", "packages\contracts\GrowLab.Contracts\GrowLab.Contracts.csproj", "{860FEF2D-01B7-44F3-A260-EF4163DFAB18}"
EndProject
Global
	GlobalSection(SolutionConfigurationPlatforms) = preSolution
		Debug|Any CPU = Debug|Any CPU
		Debug|x64 = Debug|x64
		Debug|x86 = Debug|x86
		Release|Any CPU = Release|Any CPU
		Release|x64 = Release|x64
		Release|x86 = Release|x86
	EndGlobalSection
	GlobalSection(ProjectConfigurationPlatforms) = postSolution
		{EACEF7BE-F871-4657-BB70-FD6F8A7C2991}.Debug|Any CPU.ActiveCfg = Debug|Any CPU
		{EACEF7BE-F871-4657-BB70-FD6F8A7C2991}.Debug|Any CPU.Build.0 = Debug|Any CPU
		{EACEF7BE-F871-4657-BB70-FD6F8A7C2991}.Debug|x64.ActiveCfg = Debug|Any CPU
		{EACEF7BE-F871-4657-BB70-FD6F8A7C2991}.Debug|x64.Build.0 = Debug|Any CPU
		{EACEF7BE-F871-4657-BB70-FD6F8A7C2991}.Debug|x86.ActiveCfg = Debug|Any CPU
		{EACEF7BE-F871-4657-BB70-FD6F8A7C2991}.Debug|x86.Build.0 = Debug|Any CPU
		{EACEF7BE-F871-4657-BB70-FD6F8A7C2991}.Release|Any CPU.ActiveCfg = Release|Any CPU
		{EACEF7BE-F871-4657-BB70-FD6F8A7C2991}.Release|Any CPU.Build.0 = Release|Any CPU
		{EACEF7BE-F871-4657-BB70-FD6F8A7C2991}.Release|x64.ActiveCfg = Release|Any CPU
		{EACEF7BE-F871-4657-BB70-FD6F8A7C2991}.Release|x64.Build.0 = Release|Any CPU
		{EACEF7BE-F871-4657-BB70-FD6F8A7C2991}.Release|x86.ActiveCfg = Release|Any CPU
		{EACEF7BE-F871-4657-BB70-FD6F8A7C2991}.Release|x86.Build.0 = Release|Any CPU
		{E505C208-316A-4FBE-8682-B67368762A80}.Debug|Any CPU.ActiveCfg = Debug|Any CPU
		{E505C208-316A-4FBE-8682-B67368762A80}.Debug|Any CPU.Build.0 = Debug|Any CPU
		{E505C208-316A-4FBE-8682-B67368762A80}.Debug|x64.ActiveCfg = Debug|Any CPU
		{E505C208-316A-4FBE-8682-B67368762A80}.Debug|x64.Build.0 = Debug|Any CPU
		{E505C208-316A-4FBE-8682-B67368762A80}.Debug|x86.ActiveCfg = Debug|Any CPU
		{E505C208-316A-4FBE-8682-B67368762A80}.Debug|x86.Build.0 = Debug|Any CPU
		{E505C208-316A-4FBE-8682-B67368762A80}.Release|Any CPU.ActiveCfg = Release|Any CPU
		{E505C208-316A-4FBE-8682-B67368762A80}.Release|Any CPU.Build.0 = Release|Any CPU
		{E505C208-316A-4FBE-8682-B67368762A80}.Release|x64.ActiveCfg = Release|Any CPU
		{E505C208-316A-4FBE-8682-B67368762A80}.Release|x64.Build.0 = Release|Any CPU
		{E505C208-316A-4FBE-8682-B67368762A80}.Release|x86.ActiveCfg = Release|Any CPU
		{E505C208-316A-4FBE-8682-B67368762A80}.Release|x86.Build.0 = Release|Any CPU
		{EB9D2AEF-E244-45EE-842B-725FE9F4E789}.Debug|Any CPU.ActiveCfg = Debug|Any CPU
		{EB9D2AEF-E244-45EE-842B-725FE9F4E789}.Debug|Any CPU.Build.0 = Debug|Any CPU
		{EB9D2AEF-E244-45EE-842B-725FE9F4E789}.Debug|x64.ActiveCfg = Debug|Any CPU
		{EB9D2AEF-E244-45EE-842B-725FE9F4E789}.Debug|x64.Build.0 = Debug|Any CPU
		{EB9D2AEF-E244-45EE-842B-725FE9F4E789}.Debug|x86.ActiveCfg = Debug|Any CPU
		{EB9D2AEF-E244-45EE-842B-725FE9F4E789}.Debug|x86.Build.0 = Debug|Any CPU
		{EB9D2AEF-E244-45EE-842B-725FE9F4E789}.Release|Any CPU.ActiveCfg = Release|Any CPU
		{EB9D2AEF-E244-45EE-842B-725FE9F4E789}.Release|Any CPU.Build.0 = Release|Any CPU
		{EB9D2AEF-E244-45EE-842B-725FE9F4E789}.Release|x64.ActiveCfg = Release|Any CPU
		{EB9D2AEF-E244-45EE-842B-725FE9F4E789}.Release|x64.Build.0 = Release|Any CPU
		{EB9D2AEF-E244-45EE-842B-725FE9F4E789}.Release|x86.ActiveCfg = Release|Any CPU
		{EB9D2AEF-E244-45EE-842B-725FE9F4E789}.Release|x86.Build.0 = Release|Any CPU
		{7E68BFB2-DEC7-4C95-A768-8372E7DD3E83}.Debug|Any CPU.ActiveCfg = Debug|Any CPU
		{7E68BFB2-DEC7-4C95-A768-8372E7DD3E83}.Debug|Any CPU.Build.0 = Debug|Any CPU
		{7E68BFB2-DEC7-4C95-A768-8372E7DD3E83}.Debug|x64.ActiveCfg = Debug|Any CPU
		{7E68BFB2-DEC7-4C95-A768-8372E7DD3E83}.Debug|x64.Build.0 = Debug|Any CPU
		{7E68BFB2-DEC7-4C95-A768-8372E7DD3E83}.Debug|x86.ActiveCfg = Debug|Any CPU
		{7E68BFB2-DEC7-4C95-A768-8372E7DD3E83}.Debug|x86.Build.0 = Debug|Any CPU
		{7E68BFB2-DEC7-4C95-A768-8372E7DD3E83}.Release|Any CPU.ActiveCfg = Release|Any CPU
		{7E68BFB2-DEC7-4C95-A768-8372E7DD3E83}.Release|Any CPU.Build.0 = Release|Any CPU
		{7E68BFB2-DEC7-4C95-A768-8372E7DD3E83}.Release|x64.ActiveCfg = Release|Any CPU
		{7E68BFB2-DEC7-4C95-A768-8372E7DD3E83}.Release|x64.Build.0 = Release|Any CPU
		{7E68BFB2-DEC7-4C95-A768-8372E7DD3E83}.Release|x86.ActiveCfg = Release|Any CPU
		{7E68BFB2-DEC7-4C95-A768-8372E7DD3E83}.Release|x86.Build.0 = Release|Any CPU
		{EBD6E115-7F0B-4AA8-8637-6A6D330E271F}.Debug|Any CPU.ActiveCfg = Debug|Any CPU
		{EBD6E115-7F0B-4AA8-8637-6A6D330E271F}.Debug|Any CPU.Build.0 = Debug|Any CPU
		{EBD6E115-7F0B-4AA8-8637-6A6D330E271F}.Debug|x64.ActiveCfg = Debug|Any CPU
		{EBD6E115-7F0B-4AA8-8637-6A6D330E271F}.Debug|x64.Build.0 = Debug|Any CPU
		{EBD6E115-7F0B-4AA8-8637-6A6D330E271F}.Debug|x86.ActiveCfg = Debug|Any CPU
		{EBD6E115-7F0B-4AA8-8637-6A6D330E271F}.Debug|x86.Build.0 = Debug|Any CPU
		{EBD6E115-7F0B-4AA8-8637-6A6D330E271F}.Release|Any CPU.ActiveCfg = Release|Any CPU
		{EBD6E115-7F0B-4AA8-8637-6A6D330E271F}.Release|Any CPU.Build.0 = Release|Any CPU
		{EBD6E115-7F0B-4AA8-8637-6A6D330E271F}.Release|x64.ActiveCfg = Release|Any CPU
		{EBD6E115-7F0B-4AA8-8637-6A6D330E271F}.Release|x64.Build.0 = Release|Any CPU
		{EBD6E115-7F0B-4AA8-8637-6A6D330E271F}.Release|x86.ActiveCfg = Release|Any CPU
		{EBD6E115-7F0B-4AA8-8637-6A6D330E271F}.Release|x86.Build.0 = Release|Any CPU
		{860FEF2D-01B7-44F3-A260-EF4163DFAB18}.Debug|Any CPU.ActiveCfg = Debug|Any CPU
		{860FEF2D-01B7-44F3-A260-EF4163DFAB18}.Debug|Any CPU.Build.0 = Debug|Any CPU
		{860FEF2D-01B7-44F3-A260-EF4163DFAB18}.Debug|x64.ActiveCfg = Debug|Any CPU
		{860FEF2D-01B7-44F3-A260-EF4163DFAB18}.Debug|x64.Build.0 = Debug|Any CPU
		{860FEF2D-01B7-44F3-A260-EF4163DFAB18}.Debug|x86.ActiveCfg = Debug|Any CPU
		{860FEF2D-01B7-44F3-A260-EF4163DFAB18}.Debug|x86.Build.0 = Debug|Any CPU
		{860FEF2D-01B7-44F3-A260-EF4163DFAB18}.Release|Any CPU.ActiveCfg = Release|Any CPU
		{860FEF2D-01B7-44F3-A260-EF4163DFAB18}.Release|Any CPU.Build.0 = Release|Any CPU
		{860FEF2D-01B7-44F3-A260-EF4163DFAB18}.Release|x64.ActiveCfg = Release|Any CPU
		{860FEF2D-01B7-44F3-A260-EF4163DFAB18}.Release|x64.Build.0 = Release|Any CPU
		{860FEF2D-01B7-44F3-A260-EF4163DFAB18}.Release|x86.ActiveCfg = Release|Any CPU
		{860FEF2D-01B7-44F3-A260-EF4163DFAB18}.Release|x86.Build.0 = Release|Any CPU
	EndGlobalSection
	GlobalSection(SolutionProperties) = preSolution
		HideSolutionNode = FALSE
	EndGlobalSection
	GlobalSection(NestedProjects) = preSolution
		{BC2D172B-13BC-136C-CDB1-4B1A687208C4} = {1787FE1D-075E-9E68-7218-25F1BD1BBEAB}
		{EACEF7BE-F871-4657-BB70-FD6F8A7C2991} = {BC2D172B-13BC-136C-CDB1-4B1A687208C4}
		{E505C208-316A-4FBE-8682-B67368762A80} = {BC2D172B-13BC-136C-CDB1-4B1A687208C4}
		{EB9D2AEF-E244-45EE-842B-725FE9F4E789} = {BC2D172B-13BC-136C-CDB1-4B1A687208C4}
		{7E68BFB2-DEC7-4C95-A768-8372E7DD3E83} = {BC2D172B-13BC-136C-CDB1-4B1A687208C4}
		{82AC7ADD-723F-E433-2729-6F05EB21E721} = {1787FE1D-075E-9E68-7218-25F1BD1BBEAB}
		{EBD6E115-7F0B-4AA8-8637-6A6D330E271F} = {82AC7ADD-723F-E433-2729-6F05EB21E721}
		{3024F0A4-8109-3CD3-0347-46F4E6C63FD7} = {809F86A1-1C4C-B159-0CD4-DF9D33D876CE}
		{860FEF2D-01B7-44F3-A260-EF4163DFAB18} = {3024F0A4-8109-3CD3-0347-46F4E6C63FD7}
	EndGlobalSection
EndGlobal
